
Microsoft Visual Studio Solution File, Format Version 12.00
# Visual Studio Version 16
VisualStudioVersion = 16.0.29728.190
MinimumVisualStudioVersion = 10.0.40219.1
Project("{FAE04EC0-301F-11D3-BF4B-00C04F79EFBC}") = "TesseractNetDemo", "TesseractNetDemo\TesseractNetDemo.csproj", "{6AB65FA2-A39E-4C2A-BAFA-54232FABEF98}"
EndProject
Project("{FAE04EC0-301F-11D3-BF4B-00C04F79EFBC}") = "Tesseract5Demo", "Tesseract5Demo\Tesseract5Demo.csproj", "{8FE97A65-5084-4541-B0EF-6C73CF9782F0}"
EndProject
Global
	GlobalSection(SolutionConfigurationPlatforms) = preSolution
		Debug|Any CPU = Debug|Any CPU
		Release|Any CPU = Release|Any CPU
	EndGlobalSection
	GlobalSection(ProjectConfigurationPlatforms) = postSolution
		{6AB65FA2-A39E-4C2A-BAFA-54232FABEF98}.Debug|Any CPU.ActiveCfg = Debug|Any CPU
		{6AB65FA2-A39E-4C2A-BAFA-54232FABEF98}.Debug|Any CPU.Build.0 = Debug|Any CPU
		{6AB65FA2-A39E-4C2A-BAFA-54232FABEF98}.Release|Any CPU.ActiveCfg = Release|Any CPU
		{6AB65FA2-A39E-4C2A-BAFA-54232FABEF98}.Release|Any CPU.Build.0 = Release|Any CPU
		{8FE97A65-5084-4541-B0EF-6C73CF9782F0}.Debug|Any CPU.ActiveCfg = Debug|Any CPU
		{8FE97A65-5084-4541-B0EF-6C73CF9782F0}.Debug|Any CPU.Build.0 = Debug|Any CPU
		{8FE97A65-5084-4541-B0EF-6C73CF9782F0}.Release|Any CPU.ActiveCfg = Release|Any CPU
		{8FE97A65-5084-4541-B0EF-6C73CF9782F0}.Release|Any CPU.Build.0 = Release|Any CPU
	EndGlobalSection
	GlobalSection(SolutionProperties) = preSolution
		HideSolutionNode = FALSE
	EndGlobalSection
	GlobalSection(ExtensibilityGlobals) = postSolution
		SolutionGuid = {832BCDA1-7073-45D9-B92C-DEDBB91B90FC}
	EndGlobalSection
EndGlobal
